// !$*UTF8*$!
{
	archiveVersion = 1;
	classes = {
	};
	objectVersion = 51;
	objects = {

/* Begin PBXBuildFile section */
		AAAAD62216BC29F7ED6FFBCF /* Pods_RosovGiphyApp.framework in Frameworks */ = {isa = PBXBuildFile; fileRef = 53B9C7847332DA95EA8C90D4 /* Pods_RosovGiphyApp.framework */; };
		C9014E1F24767DF500B86C7C /* HomeVC.swift in Sources */ = {isa = PBXBuildFile; fileRef = C9014E1E24767DF500B86C7C /* HomeVC.swift */; };
		C9014E2124767DFB00B86C7C /* HomeVM.swift in Sources */ = {isa = PBXBuildFile; fileRef = C9014E2024767DFB00B86C7C /* HomeVM.swift */; };
		C9014E2324767E0100B86C7C /* HomeRouter.swift in Sources */ = {isa = PBXBuildFile; fileRef = C9014E2224767E0100B86C7C /* HomeRouter.swift */; };
		C9014E2524767E0A00B86C7C /* HomeProtocols.swift in Sources */ = {isa = PBXBuildFile; fileRef = C9014E2424767E0A00B86C7C /* HomeProtocols.swift */; };
		C9014E2724767EC900B86C7C /* MainContext.swift in Sources */ = {isa = PBXBuildFile; fileRef = C9014E2624767EC900B86C7C /* MainContext.swift */; };
		C96AE70C2475CC7300A05FEA /* AppDelegate.swift in Sources */ = {isa = PBXBuildFile; fileRef = C96AE70B2475CC7300A05FEA /* AppDelegate.swift */; };
		C96AE70E2475CC7300A05FEA /* SceneDelegate.swift in Sources */ = {isa = PBXBuildFile; fileRef = C96AE70D2475CC7300A05FEA /* SceneDelegate.swift */; };
		C96AE7132475CC7300A05FEA /* Main.storyboard in Resources */ = {isa = PBXBuildFile; fileRef = C96AE7112475CC7300A05FEA /* Main.storyboard */; };
		C96AE7152475CC7600A05FEA /* Assets.xcassets in Resources */ = {isa = PBXBuildFile; fileRef = C96AE7142475CC7600A05FEA /* Assets.xcassets */; };
		C96AE7182475CC7700A05FEA /* LaunchScreen.storyboard in Resources */ = {isa = PBXBuildFile; fileRef = C96AE7162475CC7700A05FEA /* LaunchScreen.storyboard */; };
		C96AE7222475CD2400A05FEA /* UIViewController+ID.swift in Sources */ = {isa = PBXBuildFile; fileRef = C96AE7202475CD2300A05FEA /* UIViewController+ID.swift */; };
		C96AE7232475CD2400A05FEA /* Cell+ID.swift in Sources */ = {isa = PBXBuildFile; fileRef = C96AE7212475CD2400A05FEA /* Cell+ID.swift */; };
		C96AE7262475CD4300A05FEA /* GiphyAPI.swift in Sources */ = {isa = PBXBuildFile; fileRef = C96AE7252475CD4300A05FEA /* GiphyAPI.swift */; };
		C971571F247686CD006D65DD /* GiphCell.swift in Sources */ = {isa = PBXBuildFile; fileRef = C971571E247686CD006D65DD /* GiphCell.swift */; };
		C9715721247694E2006D65DD /* UITextField+Close.swift in Sources */ = {isa = PBXBuildFile; fileRef = C9715720247694E2006D65DD /* UITextField+Close.swift */; };
		C971572324769640006D65DD /* UIColor.swift in Sources */ = {isa = PBXBuildFile; fileRef = C971572224769640006D65DD /* UIColor.swift */; };
		C9737A3D2476A45500547B42 /* UIView+Corners.swift in Sources */ = {isa = PBXBuildFile; fileRef = C9737A3C2476A45500547B42 /* UIView+Corners.swift */; };
		C9737A412476AA4000547B42 /* String+AlphaNumeric.swift in Sources */ = {isa = PBXBuildFile; fileRef = C9737A402476AA4000547B42 /* String+AlphaNumeric.swift */; };
		C9737A452476AE0E00547B42 /* GifStorageManager.swift in Sources */ = {isa = PBXBuildFile; fileRef = C9737A442476AE0E00547B42 /* GifStorageManager.swift */; };
		C991B2F52476794E00C4F5A1 /* DBManager.swift in Sources */ = {isa = PBXBuildFile; fileRef = C991B2F42476794E00C4F5A1 /* DBManager.swift */; };
		C991B2F824767B2D00C4F5A1 /* GiphResponse.swift in Sources */ = {isa = PBXBuildFile; fileRef = C991B2F724767B2C00C4F5A1 /* GiphResponse.swift */; };
		C991B2FA24767B3600C4F5A1 /* GiphRealm.swift in Sources */ = {isa = PBXBuildFile; fileRef = C991B2F924767B3600C4F5A1 /* GiphRealm.swift */; };
/* End PBXBuildFile section */

/* Begin PBXFileReference section */
		53B9C7847332DA95EA8C90D4 /* Pods_RosovGiphyApp.framework */ = {isa = PBXFileReference; explicitFileType = wrapper.framework; includeInIndex = 0; path = Pods_RosovGiphyApp.framework; sourceTree = BUILT_PRODUCTS_DIR; };
		B5D4AD92FD15B2B3DA7BC960 /* Pods-RosovGiphyApp.debug.xcconfig */ = {isa = PBXFileReference; includeInIndex = 1; lastKnownFileType = text.xcconfig; name = "Pods-RosovGiphyApp.debug.xcconfig"; path = "Target Support Files/Pods-RosovGiphyApp/Pods-RosovGiphyApp.debug.xcconfig"; sourceTree = "<group>"; };
		BF780C8DD5C0DB8214CABF10 /* Pods-RosovGiphyApp.release.xcconfig */ = {isa = PBXFileReference; includeInIndex = 1; lastKnownFileType = text.xcconfig; name = "Pods-RosovGiphyApp.release.xcconfig"; path = "Target Support Files/Pods-RosovGiphyApp/Pods-RosovGiphyApp.release.xcconfig"; sourceTree = "<group>"; };
		C9014E1E24767DF500B86C7C /* HomeVC.swift */ = {isa = PBXFileReference; lastKnownFileType = sourcecode.swift; path = HomeVC.swift; sourceTree = "<group>"; };
		C9014E2024767DFB00B86C7C /* HomeVM.swift */ = {isa = PBXFileReference; lastKnownFileType = sourcecode.swift; path = HomeVM.swift; sourceTree = "<group>"; };
		C9014E2224767E0100B86C7C /* HomeRouter.swift */ = {isa = PBXFileReference; lastKnownFileType = sourcecode.swift; path = HomeRouter.swift; sourceTree = "<group>"; };
		C9014E2424767E0A00B86C7C /* HomeProtocols.swift */ = {isa = PBXFileReference; lastKnownFileType = sourcecode.swift; path = HomeProtocols.swift; sourceTree = "<group>"; };
		C9014E2624767EC900B86C7C /* MainContext.swift */ = {isa = PBXFileReference; lastKnownFileType = sourcecode.swift; path = MainContext.swift; sourceTree = "<group>"; };
		C96AE7082475CC7300A05FEA /* RosovGiphyApp.app */ = {isa = PBXFileReference; explicitFileType = wrapper.application; includeInIndex = 0; path = RosovGiphyApp.app; sourceTree = BUILT_PRODUCTS_DIR; };
		C96AE70B2475CC7300A05FEA /* AppDelegate.swift */ = {isa = PBXFileReference; lastKnownFileType = sourcecode.swift; path = AppDelegate.swift; sourceTree = "<group>"; };
		C96AE70D2475CC7300A05FEA /* SceneDelegate.swift */ = {isa = PBXFileReference; lastKnownFileType = sourcecode.swift; path = SceneDelegate.swift; sourceTree = "<group>"; };
		C96AE7122475CC7300A05FEA /* Base */ = {isa = PBXFileReference; lastKnownFileType = file.storyboard; name = Base; path = Base.lproj/Main.storyboard; sourceTree = "<group>"; };
		C96AE7142475CC7600A05FEA /* Assets.xcassets */ = {isa = PBXFileReference; lastKnownFileType = folder.assetcatalog; path = Assets.xcassets; sourceTree = "<group>"; };
		C96AE7172475CC7700A05FEA /* Base */ = {isa = PBXFileReference; lastKnownFileType = file.storyboard; name = Base; path = Base.lproj/LaunchScreen.storyboard; sourceTree = "<group>"; };
		C96AE7192475CC7700A05FEA /* Info.plist */ = {isa = PBXFileReference; lastKnownFileType = text.plist.xml; path = Info.plist; sourceTree = "<group>"; };
		C96AE7202475CD2300A05FEA /* UIViewController+ID.swift */ = {isa = PBXFileReference; fileEncoding = 4; lastKnownFileType = sourcecode.swift; path = "UIViewController+ID.swift"; sourceTree = "<group>"; };
		C96AE7212475CD2400A05FEA /* Cell+ID.swift */ = {isa = PBXFileReference; fileEncoding = 4; lastKnownFileType = sourcecode.swift; path = "Cell+ID.swift"; sourceTree = "<group>"; };
		C96AE7252475CD4300A05FEA /* GiphyAPI.swift */ = {isa = PBXFileReference; lastKnownFileType = sourcecode.swift; path = GiphyAPI.swift; sourceTree = "<group>"; };
		C971571E247686CD006D65DD /* GiphCell.swift */ = {isa = PBXFileReference; lastKnownFileType = sourcecode.swift; path = GiphCell.swift; sourceTree = "<group>"; };
		C9715720247694E2006D65DD /* UITextField+Close.swift */ = {isa = PBXFileReference; lastKnownFileType = sourcecode.swift; path = "UITextField+Close.swift"; sourceTree = "<group>"; };
		C971572224769640006D65DD /* UIColor.swift */ = {isa = PBXFileReference; lastKnownFileType = sourcecode.swift; path = UIColor.swift; sourceTree = "<group>"; };
		C9737A3C2476A45500547B42 /* UIView+Corners.swift */ = {isa = PBXFileReference; lastKnownFileType = sourcecode.swift; path = "UIView+Corners.swift"; sourceTree = "<group>"; };
		C9737A402476AA4000547B42 /* String+AlphaNumeric.swift */ = {isa = PBXFileReference; lastKnownFileType = sourcecode.swift; path = "String+AlphaNumeric.swift"; sourceTree = "<group>"; };
		C9737A442476AE0E00547B42 /* GifStorageManager.swift */ = {isa = PBXFileReference; lastKnownFileType = sourcecode.swift; path = GifStorageManager.swift; sourceTree = "<group>"; };
		C991B2F42476794E00C4F5A1 /* DBManager.swift */ = {isa = PBXFileReference; lastKnownFileType = sourcecode.swift; path = DBManager.swift; sourceTree = "<group>"; };
		C991B2F724767B2C00C4F5A1 /* GiphResponse.swift */ = {isa = PBXFileReference; lastKnownFileType = sourcecode.swift; path = GiphResponse.swift; sourceTree = "<group>"; };
		C991B2F924767B3600C4F5A1 /* GiphRealm.swift */ = {isa = PBXFileReference; lastKnownFileType = sourcecode.swift; path = GiphRealm.swift; sourceTree = "<group>"; };
/* End PBXFileReference section */

/* Begin PBXFrameworksBuildPhase section */
		C96AE7052475CC7300A05FEA /* Frameworks */ = {
			isa = PBXFrameworksBuildPhase;
			buildActionMask = 2147483647;
			files = (
				AAAAD62216BC29F7ED6FFBCF /* Pods_RosovGiphyApp.framework in Frameworks */,
			);
			runOnlyForDeploymentPostprocessing = 0;
		};
/* End PBXFrameworksBuildPhase section */

/* Begin PBXGroup section */
		85587ADB4C93727D7F1C204C /* Pods */ = {
			isa = PBXGroup;
			children = (
				B5D4AD92FD15B2B3DA7BC960 /* Pods-RosovGiphyApp.debug.xcconfig */,
				BF780C8DD5C0DB8214CABF10 /* Pods-RosovGiphyApp.release.xcconfig */,
			);
			path = Pods;
			sourceTree = "<group>";
		};
		9FD7EA95ED863BB6234310AB /* Frameworks */ = {
			isa = PBXGroup;
			children = (
				53B9C7847332DA95EA8C90D4 /* Pods_RosovGiphyApp.framework */,
			);
			name = Frameworks;
			sourceTree = "<group>";
		};
		C9014E1924767D8B00B86C7C /* Modules */ = {
			isa = PBXGroup;
			children = (
				C96AE7112475CC7300A05FEA /* Main.storyboard */,
				C9014E1C24767DC000B86C7C /* Home */,
			);
			path = Modules;
			sourceTree = "<group>";
		};
		C9014E1A24767D9200B86C7C /* Resources */ = {
			isa = PBXGroup;
			children = (
				C96AE7142475CC7600A05FEA /* Assets.xcassets */,
				C96AE7162475CC7700A05FEA /* LaunchScreen.storyboard */,
				C96AE70D2475CC7300A05FEA /* SceneDelegate.swift */,
			);
			path = Resources;
			sourceTree = "<group>";
		};
		C9014E1B24767DA100B86C7C /* Supporting Files */ = {
			isa = PBXGroup;
			children = (
				C96AE7192475CC7700A05FEA /* Info.plist */,
			);
			path = "Supporting Files";
			sourceTree = "<group>";
		};
		C9014E1C24767DC000B86C7C /* Home */ = {
			isa = PBXGroup;
			children = (
				C971571B2476862B006D65DD /* Cells */,
				C9014E1E24767DF500B86C7C /* HomeVC.swift */,
				C9014E2024767DFB00B86C7C /* HomeVM.swift */,
				C9014E2224767E0100B86C7C /* HomeRouter.swift */,
				C9014E2424767E0A00B86C7C /* HomeProtocols.swift */,
			);
			path = Home;
			sourceTree = "<group>";
		};
		C9014E1D24767DE000B86C7C /* Context */ = {
			isa = PBXGroup;
			children = (
				C9014E2624767EC900B86C7C /* MainContext.swift */,
			);
			path = Context;
			sourceTree = "<group>";
		};
		C96AE6FF2475CC7300A05FEA = {
			isa = PBXGroup;
			children = (
				C96AE70A2475CC7300A05FEA /* RosovGiphyApp */,
				C96AE7092475CC7300A05FEA /* Products */,
				85587ADB4C93727D7F1C204C /* Pods */,
				9FD7EA95ED863BB6234310AB /* Frameworks */,
			);
			sourceTree = "<group>";
		};
		C96AE7092475CC7300A05FEA /* Products */ = {
			isa = PBXGroup;
			children = (
				C96AE7082475CC7300A05FEA /* RosovGiphyApp.app */,
			);
			name = Products;
			sourceTree = "<group>";
		};
		C96AE70A2475CC7300A05FEA /* RosovGiphyApp */ = {
			isa = PBXGroup;
			children = (
				C96AE70B2475CC7300A05FEA /* AppDelegate.swift */,
				C96AE71F2475CCFD00A05FEA /* Helpers */,
				C9014E1D24767DE000B86C7C /* Context */,
				C96AE7242475CD3300A05FEA /* API */,
				C991B2F22476793500C4F5A1 /* Managers */,
				C991B2F624767B1500C4F5A1 /* Model */,
				C9014E1924767D8B00B86C7C /* Modules */,
				C9014E1A24767D9200B86C7C /* Resources */,
				C9014E1B24767DA100B86C7C /* Supporting Files */,
			);
			path = RosovGiphyApp;
			sourceTree = "<group>";
		};
		C96AE71F2475CCFD00A05FEA /* Helpers */ = {
			isa = PBXGroup;
			children = (
				C9737A3E2476AA2200547B42 /* UIKit+Extensions */,
				C9737A3F2476AA3400547B42 /* Other+Extensions */,
			);
			path = Helpers;
			sourceTree = "<group>";
		};
		C96AE7242475CD3300A05FEA /* API */ = {
			isa = PBXGroup;
			children = (
				C96AE7252475CD4300A05FEA /* GiphyAPI.swift */,
			);
			path = API;
			sourceTree = "<group>";
		};
		C971571B2476862B006D65DD /* Cells */ = {
			isa = PBXGroup;
			children = (
				C971571E247686CD006D65DD /* GiphCell.swift */,
			);
			path = Cells;
			sourceTree = "<group>";
		};
		C9737A3E2476AA2200547B42 /* UIKit+Extensions */ = {
			isa = PBXGroup;
			children = (
				C96AE7212475CD2400A05FEA /* Cell+ID.swift */,
				C96AE7202475CD2300A05FEA /* UIViewController+ID.swift */,
				C9715720247694E2006D65DD /* UITextField+Close.swift */,
				C971572224769640006D65DD /* UIColor.swift */,
				C9737A3C2476A45500547B42 /* UIView+Corners.swift */,
			);
			path = "UIKit+Extensions";
			sourceTree = "<group>";
		};
		C9737A3F2476AA3400547B42 /* Other+Extensions */ = {
			isa = PBXGroup;
			children = (
				C9737A402476AA4000547B42 /* String+AlphaNumeric.swift */,
			);
			path = "Other+Extensions";
			sourceTree = "<group>";
		};
		C991B2F22476793500C4F5A1 /* Managers */ = {
			isa = PBXGroup;
			children = (
				C991B2F42476794E00C4F5A1 /* DBManager.swift */,
				C9737A442476AE0E00547B42 /* GifStorageManager.swift */,
			);
			path = Managers;
			sourceTree = "<group>";
		};
		C991B2F624767B1500C4F5A1 /* Model */ = {
			isa = PBXGroup;
			children = (
				C991B2F724767B2C00C4F5A1 /* GiphResponse.swift */,
				C991B2F924767B3600C4F5A1 /* GiphRealm.swift */,
			);
			path = Model;
			sourceTree = "<group>";
		};
/* End PBXGroup section */

/* Begin PBXNativeTarget section */
		C96AE7072475CC7300A05FEA /* RosovGiphyApp */ = {
			isa = PBXNativeTarget;
			buildConfigurationList = C96AE71C2475CC7700A05FEA /* Build configuration list for PBXNativeTarget "RosovGiphyApp" */;
			buildPhases = (
				B66CE74B07BDDDA5C51F77E3 /* [CP] Check Pods Manifest.lock */,
				C96AE7042475CC7300A05FEA /* Sources */,
				C96AE7052475CC7300A05FEA /* Frameworks */,
				C96AE7062475CC7300A05FEA /* Resources */,
				EEB1E631261C2868BDC7BA7A /* [CP] Embed Pods Frameworks */,
			);
			buildRules = (
			);
			dependencies = (
			);
			name = RosovGiphyApp;
			productName = RosovGiphyApp;
			productReference = C96AE7082475CC7300A05FEA /* RosovGiphyApp.app */;
			productType = "com.apple.product-type.application";
		};
/* End PBXNativeTarget section */

/* Begin PBXProject section */
		C96AE7002475CC7300A05FEA /* Project object */ = {
			isa = PBXProject;
			attributes = {
				LastSwiftUpdateCheck = 1140;
				LastUpgradeCheck = 1140;
				ORGANIZATIONNAME = "Serhiy Rosovskyy";
				TargetAttributes = {
					C96AE7072475CC7300A05FEA = {
						CreatedOnToolsVersion = 11.4.1;
					};
				};
			};
			buildConfigurationList = C96AE7032475CC7300A05FEA /* Build configuration list for PBXProject "RosovGiphyApp" */;
			compatibilityVersion = "Xcode 9.3";
			developmentRegion = en;
			hasScannedForEncodings = 0;
			knownRegions = (
				en,
				Base,
			);
			mainGroup = C96AE6FF2475CC7300A05FEA;
			productRefGroup = C96AE7092475CC7300A05FEA /* Products */;
			projectDirPath = "";
			projectRoot = "";
			targets = (
				C96AE7072475CC7300A05FEA /* RosovGiphyApp */,
			);
		};
/* End PBXProject section */

/* Begin PBXResourcesBuildPhase section */
		C96AE7062475CC7300A05FEA /* Resources */ = {
			isa = PBXResourcesBuildPhase;
			buildActionMask = 2147483647;
			files = (
				C96AE7182475CC7700A05FEA /* LaunchScreen.storyboard in Resources */,
				C96AE7152475CC7600A05FEA /* Assets.xcassets in Resources */,
				C96AE7132475CC7300A05FEA /* Main.storyboard in Resources */,
			);
			runOnlyForDeploymentPostprocessing = 0;
		};
/* End PBXResourcesBuildPhase section */

/* Begin PBXShellScriptBuildPhase section */
		B66CE74B07BDDDA5C51F77E3 /* [CP] Check Pods Manifest.lock */ = {
			isa = PBXShellScriptBuildPhase;
			buildActionMask = 2147483647;
			files = (
			);
			inputFileListPaths = (
			);
			inputPaths = (
				"${PODS_PODFILE_DIR_PATH}/Podfile.lock",
				"${PODS_ROOT}/Manifest.lock",
			);
			name = "[CP] Check Pods Manifest.lock";
			outputFileListPaths = (
			);
			outputPaths = (
				"$(DERIVED_FILE_DIR)/Pods-RosovGiphyApp-checkManifestLockResult.txt",
			);
			runOnlyForDeploymentPostprocessing = 0;
			shellPath = /bin/sh;
			shellScript = "diff \"${PODS_PODFILE_DIR_PATH}/Podfile.lock\" \"${PODS_ROOT}/Manifest.lock\" > /dev/null\nif [ $? != 0 ] ; then\n    # print error to STDERR\n    echo \"error: The sandbox is not in sync with the Podfile.lock. Run 'pod install' or update your CocoaPods installation.\" >&2\n    exit 1\nfi\n# This output is used by Xcode 'outputs' to avoid re-running this script phase.\necho \"SUCCESS\" > \"${SCRIPT_OUTPUT_FILE_0}\"\n";
			showEnvVarsInLog = 0;
		};
		EEB1E631261C2868BDC7BA7A /* [CP] Embed Pods Frameworks */ = {
			isa = PBXShellScriptBuildPhase;
			buildActionMask = 2147483647;
			files = (
			);
			inputFileListPaths = (
				"${PODS_ROOT}/Target Support Files/Pods-RosovGiphyApp/Pods-RosovGiphyApp-frameworks-${CONFIGURATION}-input-files.xcfilelist",
			);
			name = "[CP] Embed Pods Frameworks";
			outputFileListPaths = (
				"${PODS_ROOT}/Target Support Files/Pods-RosovGiphyApp/Pods-RosovGiphyApp-frameworks-${CONFIGURATION}-output-files.xcfilelist",
			);
			runOnlyForDeploymentPostprocessing = 0;
			shellPath = /bin/sh;
			shellScript = "\"${PODS_ROOT}/Target Support Files/Pods-RosovGiphyApp/Pods-RosovGiphyApp-frameworks.sh\"\n";
			showEnvVarsInLog = 0;
		};
/* End PBXShellScriptBuildPhase section */

/* Begin PBXSourcesBuildPhase section */
		C96AE7042475CC7300A05FEA /* Sources */ = {
			isa = PBXSourcesBuildPhase;
			buildActionMask = 2147483647;
			files = (
				C9014E2324767E0100B86C7C /* HomeRouter.swift in Sources */,
				C9014E2124767DFB00B86C7C /* HomeVM.swift in Sources */,
				C9014E1F24767DF500B86C7C /* HomeVC.swift in Sources */,
				C9737A412476AA4000547B42 /* String+AlphaNumeric.swift in Sources */,
				C96AE7232475CD2400A05FEA /* Cell+ID.swift in Sources */,
				C96AE7262475CD4300A05FEA /* GiphyAPI.swift in Sources */,
				C971572324769640006D65DD /* UIColor.swift in Sources */,
				C9014E2524767E0A00B86C7C /* HomeProtocols.swift in Sources */,
				C9715721247694E2006D65DD /* UITextField+Close.swift in Sources */,
				C9737A3D2476A45500547B42 /* UIView+Corners.swift in Sources */,
				C96AE7222475CD2400A05FEA /* UIViewController+ID.swift in Sources */,
				C9737A452476AE0E00547B42 /* GifStorageManager.swift in Sources */,
				C971571F247686CD006D65DD /* GiphCell.swift in Sources */,
				C9014E2724767EC900B86C7C /* MainContext.swift in Sources */,
				C991B2F824767B2D00C4F5A1 /* GiphResponse.swift in Sources */,
				C991B2FA24767B3600C4F5A1 /* GiphRealm.swift in Sources */,
				C96AE70C2475CC7300A05FEA /* AppDelegate.swift in Sources */,
				C96AE70E2475CC7300A05FEA /* SceneDelegate.swift in Sources */,
				C991B2F52476794E00C4F5A1 /* DBManager.swift in Sources */,
			);
			runOnlyForDeploymentPostprocessing = 0;
		};
/* End PBXSourcesBuildPhase section */

/* Begin PBXVariantGroup section */
		C96AE7112475CC7300A05FEA /* Main.storyboard */ = {
			isa = PBXVariantGroup;
			children = (
				C96AE7122475CC7300A05FEA /* Base */,
			);
			name = Main.storyboard;
			sourceTree = "<group>";
		};
		C96AE7162475CC7700A05FEA /* LaunchScreen.storyboard */ = {
			isa = PBXVariantGroup;
			children = (
				C96AE7172475CC7700A05FEA /* Base */,
			);
			name = LaunchScreen.storyboard;
			sourceTree = "<group>";
		};
/* End PBXVariantGroup section */

/* Begin XCBuildConfiguration section */
		C96AE71A2475CC7700A05FEA /* Debug */ = {
			isa = XCBuildConfiguration;
			buildSettings = {
				ALWAYS_SEARCH_USER_PATHS = NO;
				CLANG_ANALYZER_NONNULL = YES;
				CLANG_ANALYZER_NUMBER_OBJECT_CONVERSION = YES_AGGRESSIVE;
				CLANG_CXX_LANGUAGE_STANDARD = "gnu++14";
				CLANG_CXX_LIBRARY = "libc++";
				CLANG_ENABLE_MODULES = YES;
				CLANG_ENABLE_OBJC_ARC = YES;
				CLANG_ENABLE_OBJC_WEAK = YES;
				CLANG_WARN_BLOCK_CAPTURE_AUTORELEASING = YES;
				CLANG_WARN_BOOL_CONVERSION = YES;
				CLANG_WARN_COMMA = YES;
				CLANG_WARN_CONSTANT_CONVERSION = YES;
				CLANG_WARN_DEPRECATED_OBJC_IMPLEMENTATIONS = YES;
				CLANG_WARN_DIRECT_OBJC_ISA_USAGE = YES_ERROR;
				CLANG_WARN_DOCUMENTATION_COMMENTS = YES;
				CLANG_WARN_EMPTY_BODY = YES;
				CLANG_WARN_ENUM_CONVERSION = YES;
				CLANG_WARN_INFINITE_RECURSION = YES;
				CLANG_WARN_INT_CONVERSION = YES;
				CLANG_WARN_NON_LITERAL_NULL_CONVERSION = YES;
				CLANG_WARN_OBJC_IMPLICIT_RETAIN_SELF = YES;
				CLANG_WARN_OBJC_LITERAL_CONVERSION = YES;
				CLANG_WARN_OBJC_ROOT_CLASS = YES_ERROR;
				CLANG_WARN_RANGE_LOOP_ANALYSIS = YES;
				CLANG_WARN_STRICT_PROTOTYPES = YES;
				CLANG_WARN_SUSPICIOUS_MOVE = YES;
				CLANG_WARN_UNGUARDED_AVAILABILITY = YES_AGGRESSIVE;
				CLANG_WARN_UNREACHABLE_CODE = YES;
				CLANG_WARN__DUPLICATE_METHOD_MATCH = YES;
				COPY_PHASE_STRIP = NO;
				DEBUG_INFORMATION_FORMAT = dwarf;
				ENABLE_STRICT_OBJC_MSGSEND = YES;
				ENABLE_TESTABILITY = YES;
				GCC_C_LANGUAGE_STANDARD = gnu11;
				GCC_DYNAMIC_NO_PIC = NO;
				GCC_NO_COMMON_BLOCKS = YES;
				GCC_OPTIMIZATION_LEVEL = 0;
				GCC_PREPROCESSOR_DEFINITIONS = (
					"DEBUG=1",
					"$(inherited)",
				);
				GCC_WARN_64_TO_32_BIT_CONVERSION = YES;
				GCC_WARN_ABOUT_RETURN_TYPE = YES_ERROR;
				GCC_WARN_UNDECLARED_SELECTOR = YES;
				GCC_WARN_UNINITIALIZED_AUTOS = YES_AGGRESSIVE;
				GCC_WARN_UNUSED_FUNCTION = YES;
				GCC_WARN_UNUSED_VARIABLE = YES;
				IPHONEOS_DEPLOYMENT_TARGET = 13.4;
				MTL_ENABLE_DEBUG_INFO = INCLUDE_SOURCE;
				MTL_FAST_MATH = YES;
				ONLY_ACTIVE_ARCH = YES;
				SDKROOT = iphoneos;
				SWIFT_ACTIVE_COMPILATION_CONDITIONS = DEBUG;
				SWIFT_OPTIMIZATION_LEVEL = "-Onone";
			};
			name = Debug;
		};
		C96AE71B2475CC7700A05FEA /* Release */ = {
			isa = XCBuildConfiguration;
			buildSettings = {
				ALWAYS_SEARCH_USER_PATHS = NO;
				CLANG_ANALYZER_NONNULL = YES;
				CLANG_ANALYZER_NUMBER_OBJECT_CONVERSION = YES_AGGRESSIVE;
				CLANG_CXX_LANGUAGE_STANDARD = "gnu++14";
				CLANG_CXX_LIBRARY = "libc++";
				CLANG_ENABLE_MODULES = YES;
				CLANG_ENABLE_OBJC_ARC = YES;
				CLANG_ENABLE_OBJC_WEAK = YES;
				CLANG_WARN_BLOCK_CAPTURE_AUTORELEASING = YES;
				CLANG_WARN_BOOL_CONVERSION = YES;
				CLANG_WARN_COMMA = YES;
				CLANG_WARN_CONSTANT_CONVERSION = YES;
				CLANG_WARN_DEPRECATED_OBJC_IMPLEMENTATIONS = YES;
				CLANG_WARN_DIRECT_OBJC_ISA_USAGE = YES_ERROR;
				CLANG_WARN_DOCUMENTATION_COMMENTS = YES;
				CLANG_WARN_EMPTY_BODY = YES;
				CLANG_WARN_ENUM_CONVERSION = YES;
				CLANG_WARN_INFINITE_RECURSION = YES;
				CLANG_WARN_INT_CONVERSION = YES;
				CLANG_WARN_NON_LITERAL_NULL_CONVERSION = YES;
				CLANG_WARN_OBJC_IMPLICIT_RETAIN_SELF = YES;
				CLANG_WARN_OBJC_LITERAL_CONVERSION = YES;
				CLANG_WARN_OBJC_ROOT_CLASS = YES_ERROR;
				CLANG_WARN_RANGE_LOOP_ANALYSIS = YES;
				CLANG_WARN_STRICT_PROTOTYPES = YES;
				CLANG_WARN_SUSPICIOUS_MOVE = YES;
				CLANG_WARN_UNGUARDED_AVAILABILITY = YES_AGGRESSIVE;
				CLANG_WARN_UNREACHABLE_CODE = YES;
				CLANG_WARN__DUPLICATE_METHOD_MATCH = YES;
				COPY_PHASE_STRIP = NO;
				DEBUG_INFORMATION_FORMAT = "dwarf-with-dsym";
				ENABLE_NS_ASSERTIONS = NO;
				ENABLE_STRICT_OBJC_MSGSEND = YES;
				GCC_C_LANGUAGE_STANDARD = gnu11;
				GCC_NO_COMMON_BLOCKS = YES;
				GCC_WARN_64_TO_32_BIT_CONVERSION = YES;
				GCC_WARN_ABOUT_RETURN_TYPE = YES_ERROR;
				GCC_WARN_UNDECLARED_SELECTOR = YES;
				GCC_WARN_UNINITIALIZED_AUTOS = YES_AGGRESSIVE;
				GCC_WARN_UNUSED_FUNCTION = YES;
				GCC_WARN_UNUSED_VARIABLE = YES;
				IPHONEOS_DEPLOYMENT_TARGET = 13.4;
				MTL_ENABLE_DEBUG_INFO = NO;
				MTL_FAST_MATH = YES;
				SDKROOT = iphoneos;
				SWIFT_COMPILATION_MODE = wholemodule;
				SWIFT_OPTIMIZATION_LEVEL = "-O";
				VALIDATE_PRODUCT = YES;
			};
			name = Release;
		};
		C96AE71D2475CC7700A05FEA /* Debug */ = {
			isa = XCBuildConfiguration;
			baseConfigurationReference = B5D4AD92FD15B2B3DA7BC960 /* Pods-RosovGiphyApp.debug.xcconfig */;
			buildSettings = {
				ASSETCATALOG_COMPILER_APPICON_NAME = AppIcon;
				CODE_SIGN_STYLE = Automatic;
				DEVELOPMENT_TEAM = AAXBU9249F;
				INFOPLIST_FILE = "RosovGiphyApp/Supporting Files/Info.plist";
				LD_RUNPATH_SEARCH_PATHS = (
					"$(inherited)",
					"@executable_path/Frameworks",
				);
				PRODUCT_BUNDLE_IDENTIFIER = com.ucu.UCUApp.RosovGiphyApp;
				PRODUCT_NAME = "$(TARGET_NAME)";
				SWIFT_VERSION = 5.0;
				TARGETED_DEVICE_FAMILY = "1,2";
			};
			name = Debug;
		};
		C96AE71E2475CC7700A05FEA /* Release */ = {
			isa = XCBuildConfiguration;
			baseConfigurationReference = BF780C8DD5C0DB8214CABF10 /* Pods-RosovGiphyApp.release.xcconfig */;
			buildSettings = {
				ASSETCATALOG_COMPILER_APPICON_NAME = AppIcon;
				CODE_SIGN_STYLE = Automatic;
				DEVELOPMENT_TEAM = AAXBU9249F;
				INFOPLIST_FILE = "RosovGiphyApp/Supporting Files/Info.plist";
				LD_RUNPATH_SEARCH_PATHS = (
					"$(inherited)",
					"@executable_path/Frameworks",
				);
				PRODUCT_BUNDLE_IDENTIFIER = com.ucu.UCUApp.RosovGiphyApp;
				PRODUCT_NAME = "$(TARGET_NAME)";
				SWIFT_VERSION = 5.0;
				TARGETED_DEVICE_FAMILY = "1,2";
			};
			name = Release;
		};
/* End XCBuildConfiguration section */

/* Begin XCConfigurationList section */
		C96AE7032475CC7300A05FEA /* Build configuration list for PBXProject "RosovGiphyApp" */ = {
			isa = XCConfigurationList;
			buildConfigurations = (
				C96AE71A2475CC7700A05FEA /* Debug */,
				C96AE71B2475CC7700A05FEA /* Release */,
			);
			defaultConfigurationIsVisible = 0;
			defaultConfigurationName = Release;
		};
		C96AE71C2475CC7700A05FEA /* Build configuration list for PBXNativeTarget "RosovGiphyApp" */ = {
			isa = XCConfigurationList;
			buildConfigurations = (
				C96AE71D2475CC7700A05FEA /* Debug */,
				C96AE71E2475CC7700A05FEA /* Release */,
			);
			defaultConfigurationIsVisible = 0;
			defaultConfigurationName = Release;
		};
/* End XCConfigurationList section */
	};
	rootObject = C96AE7002475CC7300A05FEA /* Project object */;
}
